
Microsoft Visual Studio Solution File, Format Version 12.00
# Visual Studio Version 17
VisualStudioVersion = 17.0.31903.59
MinimumVisualStudioVersion = 10.0.40219.1
Project("{2150E333-8FDC-42A3-9474-1A3956D46DE8}") = ".paket", ".paket", "{E65CB1CE-335C-494C-8C1D-2D2274F6FF5B}"
	ProjectSection(SolutionItems) = preProject
		paket.dependencies = paket.dependencies
	EndProjectSection
EndProject
Project("{F2A71F9B-5D33-465A-A702-920D77279786}") = "App", "App\App.fsproj", "{52915E57-04D3-4BBA-9E73-207599E5455B}"
EndProject
Project("{F2A71F9B-5D33-465A-A702-920D77279786}") = "Migrations", "Migrations\Migrations.fsproj", "{34A289E2-DA2A-426F-97FC-5B884B98701C}"
EndProject
Global
	GlobalSection(SolutionConfigurationPlatforms) = preSolution
		Debug|Any CPU = Debug|Any CPU
		Debug|x64 = Debug|x64
		Debug|x86 = Debug|x86
		Release|Any CPU = Release|Any CPU
		Release|x64 = Release|x64
		Release|x86 = Release|x86
	EndGlobalSection
	GlobalSection(ProjectConfigurationPlatforms) = postSolution
		{52915E57-04D3-4BBA-9E73-207599E5455B}.Debug|Any CPU.ActiveCfg = Debug|Any CPU
		{52915E57-04D3-4BBA-9E73-207599E5455B}.Debug|Any CPU.Build.0 = Debug|Any CPU
		{52915E57-04D3-4BBA-9E73-207599E5455B}.Debug|x64.ActiveCfg = Debug|Any CPU
		{52915E57-04D3-4BBA-9E73-207599E5455B}.Debug|x64.Build.0 = Debug|Any CPU
		{52915E57-04D3-4BBA-9E73-207599E5455B}.Debug|x86.ActiveCfg = Debug|Any CPU
		{52915E57-04D3-4BBA-9E73-207599E5455B}.Debug|x86.Build.0 = Debug|Any CPU
		{52915E57-04D3-4BBA-9E73-207599E5455B}.Release|Any CPU.ActiveCfg = Release|Any CPU
		{52915E57-04D3-4BBA-9E73-207599E5455B}.Release|Any CPU.Build.0 = Release|Any CPU
		{52915E57-04D3-4BBA-9E73-207599E5455B}.Release|x64.ActiveCfg = Release|Any CPU
		{52915E57-04D3-4BBA-9E73-207599E5455B}.Release|x64.Build.0 = Release|Any CPU
		{52915E57-04D3-4BBA-9E73-207599E5455B}.Release|x86.ActiveCfg = Release|Any CPU
		{52915E57-04D3-4BBA-9E73-207599E5455B}.Release|x86.Build.0 = Release|Any CPU
		{34A289E2-DA2A-426F-97FC-5B884B98701C}.Debug|Any CPU.ActiveCfg = Debug|Any CPU
		{34A289E2-DA2A-426F-97FC-5B884B98701C}.Debug|Any CPU.Build.0 = Debug|Any CPU
		{34A289E2-DA2A-426F-97FC-5B884B98701C}.Debug|x64.ActiveCfg = Debug|Any CPU
		{34A289E2-DA2A-426F-97FC-5B884B98701C}.Debug|x64.Build.0 = Debug|Any CPU
		{34A289E2-DA2A-426F-97FC-5B884B98701C}.Debug|x86.ActiveCfg = Debug|Any CPU
		{34A289E2-DA2A-426F-97FC-5B884B98701C}.Debug|x86.Build.0 = Debug|Any CPU
		{34A289E2-DA2A-426F-97FC-5B884B98701C}.Release|Any CPU.ActiveCfg = Release|Any CPU
		{34A289E2-DA2A-426F-97FC-5B884B98701C}.Release|Any CPU.Build.0 = Release|Any CPU
		{34A289E2-DA2A-426F-97FC-5B884B98701C}.Release|x64.ActiveCfg = Release|Any CPU
		{34A289E2-DA2A-426F-97FC-5B884B98701C}.Release|x64.Build.0 = Release|Any CPU
		{34A289E2-DA2A-426F-97FC-5B884B98701C}.Release|x86.ActiveCfg = Release|Any CPU
		{34A289E2-DA2A-426F-97FC-5B884B98701C}.Release|x86.Build.0 = Release|Any CPU
	EndGlobalSection
	GlobalSection(SolutionProperties) = preSolution
		HideSolutionNode = FALSE
	EndGlobalSection
EndGlobal
